
Microsoft Visual Studio Solution File, Format Version 12.00
Project("{FAE04EC0-301F-11D3-BF4B-00C04F79EFBC}") = "CourierKata", "CourierKata\CourierKata.csproj", "{7791BC3A-13AE-4EAA-9BA2-879DDC0D2DA9}"
EndProject
Project("{FAE04EC0-301F-11D3-BF4B-00C04F79EFBC}") = "CourierKata.Tests", "CourierKata.Tests\CourierKata.Tests.csproj", "{D56FCDA8-CBB4-4133-9DC2-B3E61D9E960B}"
EndProject
Global
	GlobalSection(SolutionConfigurationPlatforms) = preSolution
		Debug|Any CPU = Debug|Any CPU
		Release|Any CPU = Release|Any CPU
	EndGlobalSection
	GlobalSection(ProjectConfigurationPlatforms) = postSolution
		{7791BC3A-13AE-4EAA-9BA2-879DDC0D2DA9}.Debug|Any CPU.ActiveCfg = Debug|Any CPU
		{7791BC3A-13AE-4EAA-9BA2-879DDC0D2DA9}.Debug|Any CPU.Build.0 = Debug|Any CPU
		{7791BC3A-13AE-4EAA-9BA2-879DDC0D2DA9}.Release|Any CPU.ActiveCfg = Release|Any CPU
		{7791BC3A-13AE-4EAA-9BA2-879DDC0D2DA9}.Release|Any CPU.Build.0 = Release|Any CPU
		{D56FCDA8-CBB4-4133-9DC2-B3E61D9E960B}.Debug|Any CPU.ActiveCfg = Debug|Any CPU
		{D56FCDA8-CBB4-4133-9DC2-B3E61D9E960B}.Debug|Any CPU.Build.0 = Debug|Any CPU
		{D56FCDA8-CBB4-4133-9DC2-B3E61D9E960B}.Release|Any CPU.ActiveCfg = Release|Any CPU
		{D56FCDA8-CBB4-4133-9DC2-B3E61D9E960B}.Release|Any CPU.Build.0 = Release|Any CPU
	EndGlobalSection
EndGlobal
